
Microsoft Visual Studio Solution File, Format Version 12.00
# Visual Studio Version 16
VisualStudioVersion = 16.0.29613.14
MinimumVisualStudioVersion = 10.0.40219.1
Project("{FAE04EC0-301F-11D3-BF4B-00C04F79EFBC}") = "WebApplication1dotNet", "WebApplication1dotNet.csproj", "{AF4ED4EF-DEFD-4BE9-887B-E653DFE5FB38}"
EndProject
Global
	GlobalSection(SolutionConfigurationPlatforms) = preSolution
		Debug|Any CPU = Debug|Any CPU
		Release|Any CPU = Release|Any CPU
	EndGlobalSection
	GlobalSection(ProjectConfigurationPlatforms) = postSolution
		{AF4ED4EF-DEFD-4BE9-887B-E653DFE5FB38}.Debug|Any CPU.ActiveCfg = Debug|Any CPU
		{AF4ED4EF-DEFD-4BE9-887B-E653DFE5FB38}.Debug|Any CPU.Build.0 = Debug|Any CPU
		{AF4ED4EF-DEFD-4BE9-887B-E653DFE5FB38}.Release|Any CPU.ActiveCfg = Release|Any CPU
		{AF4ED4EF-DEFD-4BE9-887B-E653DFE5FB38}.Release|Any CPU.Build.0 = Release|Any CPU
	EndGlobalSection
	GlobalSection(SolutionProperties) = preSolution
		HideSolutionNode = FALSE
	EndGlobalSection
	GlobalSection(ExtensibilityGlobals) = postSolution
		SolutionGuid = {157BEB22-B083-4652-80CE-63F5F7139804}
	EndGlobalSection
EndGlobal
